
Microsoft Visual Studio Solution File, Format Version 11.00
# Visual Studio 2010
Project("{FAE04EC0-301F-11D3-BF4B-00C04F79EFBC}") = "Assembly-CSharp", "Assembly-CSharp.csproj", "{063f3356-659e-d25f-3f3f-82aaad6da626}"
EndProject
Project("{FAE04EC0-301F-11D3-BF4B-00C04F79EFBC}") = "Assembly-CSharp-Editor", "Assembly-CSharp-Editor.csproj", "{38d1960f-6a58-208c-d6fd-4d5a2d12ca14}"
EndProject
Global
	GlobalSection(SolutionConfigurationPlatforms) = preSolution
		Debug|Any CPU = Debug|Any CPU
	EndGlobalSection
	GlobalSection(ProjectConfigurationPlatforms) = postSolution
		{063f3356-659e-d25f-3f3f-82aaad6da626}.Debug|Any CPU.ActiveCfg = Debug|Any CPU
		{063f3356-659e-d25f-3f3f-82aaad6da626}.Debug|Any CPU.Build.0 = Debug|Any CPU
		{38d1960f-6a58-208c-d6fd-4d5a2d12ca14}.Debug|Any CPU.ActiveCfg = Debug|Any CPU
		{38d1960f-6a58-208c-d6fd-4d5a2d12ca14}.Debug|Any CPU.Build.0 = Debug|Any CPU
	EndGlobalSection
	GlobalSection(SolutionProperties) = preSolution
		HideSolutionNode = FALSE
	EndGlobalSection
EndGlobal
