
Microsoft Visual Studio Solution File, Format Version 11.00
# Visual Studio 2010
Project("{FAE04EC0-301F-11D3-BF4B-00C04F79EFBC}") = "Assembly-CSharp", "Assembly-CSharp.csproj", "{56333F06-9E65-5FD2-3F3F-82AAAD6DA626}"
EndProject
Project("{FAE04EC0-301F-11D3-BF4B-00C04F79EFBC}") = "Assembly-CSharp-Editor", "Assembly-CSharp-Editor.csproj", "{0F96D138-586A-8C20-D6FD-4D5A2D12CA14}"
EndProject
Global
	GlobalSection(SolutionConfigurationPlatforms) = preSolution
		Debug|Any CPU = Debug|Any CPU
		Release|Any CPU = Release|Any CPU
	EndGlobalSection
	GlobalSection(ProjectConfigurationPlatforms) = postSolution
		{56333F06-9E65-5FD2-3F3F-82AAAD6DA626}.Debug|Any CPU.ActiveCfg = Debug|Any CPU
		{56333F06-9E65-5FD2-3F3F-82AAAD6DA626}.Debug|Any CPU.Build.0 = Debug|Any CPU
		{56333F06-9E65-5FD2-3F3F-82AAAD6DA626}.Release|Any CPU.ActiveCfg = Release|Any CPU
		{56333F06-9E65-5FD2-3F3F-82AAAD6DA626}.Release|Any CPU.Build.0 = Release|Any CPU
		{0F96D138-586A-8C20-D6FD-4D5A2D12CA14}.Debug|Any CPU.ActiveCfg = Debug|Any CPU
		{0F96D138-586A-8C20-D6FD-4D5A2D12CA14}.Debug|Any CPU.Build.0 = Debug|Any CPU
		{0F96D138-586A-8C20-D6FD-4D5A2D12CA14}.Release|Any CPU.ActiveCfg = Release|Any CPU
		{0F96D138-586A-8C20-D6FD-4D5A2D12CA14}.Release|Any CPU.Build.0 = Release|Any CPU
	EndGlobalSection
	GlobalSection(SolutionProperties) = preSolution
		HideSolutionNode = FALSE
	EndGlobalSection
EndGlobal
